
Microsoft Visual Studio Solution File, Format Version 12.00
Project("{FAE04EC0-301F-11D3-BF4B-00C04F79EFBC}") = "FreeCourse.Catalog", "Services\Catalog\FreeCourse.Catalog.csproj", "{972767B4-262E-4404-8F19-9F59C9FD50A9}"
EndProject
Project("{FAE04EC0-301F-11D3-BF4B-00C04F79EFBC}") = "FreeCourse.Shared", "FreeCourse.Shared\FreeCourse.Shared.csproj", "{549740B5-B3B6-4B44-9FD7-697C82F67A5C}"
EndProject
Global
	GlobalSection(SolutionConfigurationPlatforms) = preSolution
		Debug|Any CPU = Debug|Any CPU
		Release|Any CPU = Release|Any CPU
	EndGlobalSection
	GlobalSection(NestedProjects) = preSolution
	EndGlobalSection
	GlobalSection(ProjectConfigurationPlatforms) = postSolution
		{972767B4-262E-4404-8F19-9F59C9FD50A9}.Debug|Any CPU.ActiveCfg = Debug|Any CPU
		{972767B4-262E-4404-8F19-9F59C9FD50A9}.Debug|Any CPU.Build.0 = Debug|Any CPU
		{972767B4-262E-4404-8F19-9F59C9FD50A9}.Release|Any CPU.ActiveCfg = Release|Any CPU
		{972767B4-262E-4404-8F19-9F59C9FD50A9}.Release|Any CPU.Build.0 = Release|Any CPU
		{549740B5-B3B6-4B44-9FD7-697C82F67A5C}.Debug|Any CPU.ActiveCfg = Debug|Any CPU
		{549740B5-B3B6-4B44-9FD7-697C82F67A5C}.Debug|Any CPU.Build.0 = Debug|Any CPU
		{549740B5-B3B6-4B44-9FD7-697C82F67A5C}.Release|Any CPU.ActiveCfg = Release|Any CPU
		{549740B5-B3B6-4B44-9FD7-697C82F67A5C}.Release|Any CPU.Build.0 = Release|Any CPU
	EndGlobalSection
EndGlobal
