
Microsoft Visual Studio Solution File, Format Version 12.00
# Visual Studio Version 17
VisualStudioVersion = 17.8.34330.188
MinimumVisualStudioVersion = 10.0.40219.1
Project("{2150E333-8FDC-42A3-9474-1A3956D46DE8}") = "IdentityServer", "IdentityServer", "{02311288-7D7B-403A-8E4A-E3D20F450A80}"
EndProject
Project("{FAE04EC0-301F-11D3-BF4B-00C04F79EFBC}") = "FreeCourse.IdentityServer", "IdentityServer\FreeCourse.IdentityServer\FreeCourse.IdentityServer.csproj", "{0D2702D8-BDA9-4C74-B3E2-296E79F7EEA0}"
EndProject
Project("{2150E333-8FDC-42A3-9474-1A3956D46DE8}") = "Order", "Order", "{30D58B63-100E-48CC-9E6D-CB39589CD9A4}"
EndProject
Project("{2150E333-8FDC-42A3-9474-1A3956D46DE8}") = "Services", "Services", "{DA81B153-C68D-4268-B115-CFB18D05571D}"
EndProject
Project("{2150E333-8FDC-42A3-9474-1A3956D46DE8}") = "Catalog", "Catalog", "{6B35803F-B62A-444B-B016-4CEABA2C9B03}"
EndProject
Project("{2150E333-8FDC-42A3-9474-1A3956D46DE8}") = "Discount", "Discount", "{8661B216-1F0D-4E75-BB8E-C1394F2205E5}"
EndProject
Project("{2150E333-8FDC-42A3-9474-1A3956D46DE8}") = "PhotoStock", "PhotoStock", "{0B5304D3-5FD0-43EA-8142-D780CD1FCD27}"
EndProject
Project("{2150E333-8FDC-42A3-9474-1A3956D46DE8}") = "Shared", "Shared", "{F9E6C6FB-6003-4182-A355-7E21AD4E4497}"
EndProject
Project("{FAE04EC0-301F-11D3-BF4B-00C04F79EFBC}") = "FreeCourse.Services.Order.Api", "Services\Order\FreeCourse.Services.Order.Api\FreeCourse.Services.Order.Api.csproj", "{D80FDA5F-EAB5-4029-9B8F-1E713BF2525F}"
EndProject
Project("{FAE04EC0-301F-11D3-BF4B-00C04F79EFBC}") = "FreeCourse.Services.Order.Application", "Services\Order\FreeCourse.Services.Order.Application\FreeCourse.Services.Order.Application.csproj", "{A4F7F2BB-FC4B-4D0F-9F24-998A89596529}"
EndProject
Project("{FAE04EC0-301F-11D3-BF4B-00C04F79EFBC}") = "FreeCourse.Services.Order.Domain", "Services\Order\FreeCourse.Services.Order.Domain\FreeCourse.Services.Order.Domain.csproj", "{6296AA75-02A4-4279-9622-E6FD99EA0030}"
EndProject
Project("{FAE04EC0-301F-11D3-BF4B-00C04F79EFBC}") = "FreeCourse.Services.Order.Domain.Core", "Services\Order\FreeCourse.Services.Order.Domain.Core\FreeCourse.Services.Order.Domain.Core.csproj", "{E4BA578E-76CC-42E2-AF03-3271FD1C9A9A}"
EndProject
Project("{FAE04EC0-301F-11D3-BF4B-00C04F79EFBC}") = "FreeCourse.Services.Order.Infrastructure", "Services\Order\FreeCourse.Services.Order.Infrastructure\FreeCourse.Services.Order.Infrastructure.csproj", "{33E324AE-11AE-4135-8A3F-AD5EDA6FE72E}"
EndProject
Project("{2150E333-8FDC-42A3-9474-1A3956D46DE8}") = "SolutionItems", "SolutionItems", "{50D58207-2C8D-4A00-A4E1-6F46A5614878}"
	ProjectSection(SolutionItems) = preProject
		SolutionItems\Ports\ports.txt = SolutionItems\Ports\ports.txt
	EndProjectSection
EndProject
Project("{2150E333-8FDC-42A3-9474-1A3956D46DE8}") = "Basket", "Basket", "{6C13E2A4-D64E-48EA-A8C4-63B06A6294DF}"
EndProject
Project("{FAE04EC0-301F-11D3-BF4B-00C04F79EFBC}") = "FreeCourse.Services.Basket", "Services\Basket\FreeCourse.Services.Basket\FreeCourse.Services.Basket.csproj", "{FC99D947-389E-441B-B6D4-C17027DABD1B}"
EndProject
Project("{FAE04EC0-301F-11D3-BF4B-00C04F79EFBC}") = "FreeCourse.Shared", "Shared\FreeCourse.Shared\FreeCourse.Shared.csproj", "{B7FAB921-BF8D-4AB1-805F-D7658D8E4071}"
EndProject
Project("{FAE04EC0-301F-11D3-BF4B-00C04F79EFBC}") = "FreeCourse.Services.Catalog", "Services\Catalog\FreeCourse.Services.Catalog\FreeCourse.Services.Catalog.csproj", "{0F5C6465-0B53-4B87-A7B7-6164BEFDFD25}"
EndProject
Project("{FAE04EC0-301F-11D3-BF4B-00C04F79EFBC}") = "FreeCourse.Services.Discount", "Services\Discount\FreeCourse.Services.Discount\FreeCourse.Services.Discount.csproj", "{0A82E178-1B03-4543-BBF7-17CD89E919BA}"
EndProject
Project("{FAE04EC0-301F-11D3-BF4B-00C04F79EFBC}") = "FreeCourse.Services.PhotoStock", "Services\PhotoStock\FreeCourse.Services.PhotoStock\FreeCourse.Services.PhotoStock.csproj", "{24DFB7A9-0B04-47DF-9B86-CD7842E74F01}"
EndProject
Project("{2150E333-8FDC-42A3-9474-1A3956D46DE8}") = "FakePayment", "FakePayment", "{BCBE0160-AFBD-479A-BAFE-4C73825179C8}"
EndProject
Project("{FAE04EC0-301F-11D3-BF4B-00C04F79EFBC}") = "FreeCourse.Services.FakePayment", "Services\FreeCourse.Services.FakePayment\FreeCourse.Services.FakePayment.csproj", "{00629F1B-052B-4D5F-98D9-3624199C64A6}"
EndProject
Project("{2150E333-8FDC-42A3-9474-1A3956D46DE8}") = "Gateways", "Gateways", "{00FE3E75-B215-48D8-A3D0-643CC287F966}"
EndProject
Project("{FAE04EC0-301F-11D3-BF4B-00C04F79EFBC}") = "FreeCourse.Gateway", "Gateways\FreeCourse.Gateway\FreeCourse.Gateway.csproj", "{9F895A4B-4098-49DB-8681-E067F1B70AC8}"
EndProject
Global
	GlobalSection(SolutionConfigurationPlatforms) = preSolution
		Debug|Any CPU = Debug|Any CPU
		Release|Any CPU = Release|Any CPU
	EndGlobalSection
	GlobalSection(ProjectConfigurationPlatforms) = postSolution
		{0D2702D8-BDA9-4C74-B3E2-296E79F7EEA0}.Debug|Any CPU.ActiveCfg = Debug|Any CPU
		{0D2702D8-BDA9-4C74-B3E2-296E79F7EEA0}.Debug|Any CPU.Build.0 = Debug|Any CPU
		{0D2702D8-BDA9-4C74-B3E2-296E79F7EEA0}.Release|Any CPU.ActiveCfg = Release|Any CPU
		{0D2702D8-BDA9-4C74-B3E2-296E79F7EEA0}.Release|Any CPU.Build.0 = Release|Any CPU
		{D80FDA5F-EAB5-4029-9B8F-1E713BF2525F}.Debug|Any CPU.ActiveCfg = Debug|Any CPU
		{D80FDA5F-EAB5-4029-9B8F-1E713BF2525F}.Debug|Any CPU.Build.0 = Debug|Any CPU
		{D80FDA5F-EAB5-4029-9B8F-1E713BF2525F}.Release|Any CPU.ActiveCfg = Release|Any CPU
		{D80FDA5F-EAB5-4029-9B8F-1E713BF2525F}.Release|Any CPU.Build.0 = Release|Any CPU
		{A4F7F2BB-FC4B-4D0F-9F24-998A89596529}.Debug|Any CPU.ActiveCfg = Debug|Any CPU
		{A4F7F2BB-FC4B-4D0F-9F24-998A89596529}.Debug|Any CPU.Build.0 = Debug|Any CPU
		{A4F7F2BB-FC4B-4D0F-9F24-998A89596529}.Release|Any CPU.ActiveCfg = Release|Any CPU
		{A4F7F2BB-FC4B-4D0F-9F24-998A89596529}.Release|Any CPU.Build.0 = Release|Any CPU
		{6296AA75-02A4-4279-9622-E6FD99EA0030}.Debug|Any CPU.ActiveCfg = Debug|Any CPU
		{6296AA75-02A4-4279-9622-E6FD99EA0030}.Debug|Any CPU.Build.0 = Debug|Any CPU
		{6296AA75-02A4-4279-9622-E6FD99EA0030}.Release|Any CPU.ActiveCfg = Release|Any CPU
		{6296AA75-02A4-4279-9622-E6FD99EA0030}.Release|Any CPU.Build.0 = Release|Any CPU
		{E4BA578E-76CC-42E2-AF03-3271FD1C9A9A}.Debug|Any CPU.ActiveCfg = Debug|Any CPU
		{E4BA578E-76CC-42E2-AF03-3271FD1C9A9A}.Debug|Any CPU.Build.0 = Debug|Any CPU
		{E4BA578E-76CC-42E2-AF03-3271FD1C9A9A}.Release|Any CPU.ActiveCfg = Release|Any CPU
		{E4BA578E-76CC-42E2-AF03-3271FD1C9A9A}.Release|Any CPU.Build.0 = Release|Any CPU
		{33E324AE-11AE-4135-8A3F-AD5EDA6FE72E}.Debug|Any CPU.ActiveCfg = Debug|Any CPU
		{33E324AE-11AE-4135-8A3F-AD5EDA6FE72E}.Debug|Any CPU.Build.0 = Debug|Any CPU
		{33E324AE-11AE-4135-8A3F-AD5EDA6FE72E}.Release|Any CPU.ActiveCfg = Release|Any CPU
		{33E324AE-11AE-4135-8A3F-AD5EDA6FE72E}.Release|Any CPU.Build.0 = Release|Any CPU
		{FC99D947-389E-441B-B6D4-C17027DABD1B}.Debug|Any CPU.ActiveCfg = Debug|Any CPU
		{FC99D947-389E-441B-B6D4-C17027DABD1B}.Debug|Any CPU.Build.0 = Debug|Any CPU
		{FC99D947-389E-441B-B6D4-C17027DABD1B}.Release|Any CPU.ActiveCfg = Release|Any CPU
		{FC99D947-389E-441B-B6D4-C17027DABD1B}.Release|Any CPU.Build.0 = Release|Any CPU
		{B7FAB921-BF8D-4AB1-805F-D7658D8E4071}.Debug|Any CPU.ActiveCfg = Debug|Any CPU
		{B7FAB921-BF8D-4AB1-805F-D7658D8E4071}.Debug|Any CPU.Build.0 = Debug|Any CPU
		{B7FAB921-BF8D-4AB1-805F-D7658D8E4071}.Release|Any CPU.ActiveCfg = Release|Any CPU
		{B7FAB921-BF8D-4AB1-805F-D7658D8E4071}.Release|Any CPU.Build.0 = Release|Any CPU
		{0F5C6465-0B53-4B87-A7B7-6164BEFDFD25}.Debug|Any CPU.ActiveCfg = Debug|Any CPU
		{0F5C6465-0B53-4B87-A7B7-6164BEFDFD25}.Debug|Any CPU.Build.0 = Debug|Any CPU
		{0F5C6465-0B53-4B87-A7B7-6164BEFDFD25}.Release|Any CPU.ActiveCfg = Release|Any CPU
		{0F5C6465-0B53-4B87-A7B7-6164BEFDFD25}.Release|Any CPU.Build.0 = Release|Any CPU
		{0A82E178-1B03-4543-BBF7-17CD89E919BA}.Debug|Any CPU.ActiveCfg = Debug|Any CPU
		{0A82E178-1B03-4543-BBF7-17CD89E919BA}.Debug|Any CPU.Build.0 = Debug|Any CPU
		{0A82E178-1B03-4543-BBF7-17CD89E919BA}.Release|Any CPU.ActiveCfg = Release|Any CPU
		{0A82E178-1B03-4543-BBF7-17CD89E919BA}.Release|Any CPU.Build.0 = Release|Any CPU
		{24DFB7A9-0B04-47DF-9B86-CD7842E74F01}.Debug|Any CPU.ActiveCfg = Debug|Any CPU
		{24DFB7A9-0B04-47DF-9B86-CD7842E74F01}.Debug|Any CPU.Build.0 = Debug|Any CPU
		{24DFB7A9-0B04-47DF-9B86-CD7842E74F01}.Release|Any CPU.ActiveCfg = Release|Any CPU
		{24DFB7A9-0B04-47DF-9B86-CD7842E74F01}.Release|Any CPU.Build.0 = Release|Any CPU
		{00629F1B-052B-4D5F-98D9-3624199C64A6}.Debug|Any CPU.ActiveCfg = Debug|Any CPU
		{00629F1B-052B-4D5F-98D9-3624199C64A6}.Debug|Any CPU.Build.0 = Debug|Any CPU
		{00629F1B-052B-4D5F-98D9-3624199C64A6}.Release|Any CPU.ActiveCfg = Release|Any CPU
		{00629F1B-052B-4D5F-98D9-3624199C64A6}.Release|Any CPU.Build.0 = Release|Any CPU
		{9F895A4B-4098-49DB-8681-E067F1B70AC8}.Debug|Any CPU.ActiveCfg = Debug|Any CPU
		{9F895A4B-4098-49DB-8681-E067F1B70AC8}.Debug|Any CPU.Build.0 = Debug|Any CPU
		{9F895A4B-4098-49DB-8681-E067F1B70AC8}.Release|Any CPU.ActiveCfg = Release|Any CPU
		{9F895A4B-4098-49DB-8681-E067F1B70AC8}.Release|Any CPU.Build.0 = Release|Any CPU
	EndGlobalSection
	GlobalSection(SolutionProperties) = preSolution
		HideSolutionNode = FALSE
	EndGlobalSection
	GlobalSection(NestedProjects) = preSolution
		{0D2702D8-BDA9-4C74-B3E2-296E79F7EEA0} = {02311288-7D7B-403A-8E4A-E3D20F450A80}
		{30D58B63-100E-48CC-9E6D-CB39589CD9A4} = {DA81B153-C68D-4268-B115-CFB18D05571D}
		{6B35803F-B62A-444B-B016-4CEABA2C9B03} = {DA81B153-C68D-4268-B115-CFB18D05571D}
		{8661B216-1F0D-4E75-BB8E-C1394F2205E5} = {DA81B153-C68D-4268-B115-CFB18D05571D}
		{0B5304D3-5FD0-43EA-8142-D780CD1FCD27} = {DA81B153-C68D-4268-B115-CFB18D05571D}
		{D80FDA5F-EAB5-4029-9B8F-1E713BF2525F} = {30D58B63-100E-48CC-9E6D-CB39589CD9A4}
		{A4F7F2BB-FC4B-4D0F-9F24-998A89596529} = {30D58B63-100E-48CC-9E6D-CB39589CD9A4}
		{6296AA75-02A4-4279-9622-E6FD99EA0030} = {30D58B63-100E-48CC-9E6D-CB39589CD9A4}
		{E4BA578E-76CC-42E2-AF03-3271FD1C9A9A} = {30D58B63-100E-48CC-9E6D-CB39589CD9A4}
		{33E324AE-11AE-4135-8A3F-AD5EDA6FE72E} = {30D58B63-100E-48CC-9E6D-CB39589CD9A4}
		{6C13E2A4-D64E-48EA-A8C4-63B06A6294DF} = {DA81B153-C68D-4268-B115-CFB18D05571D}
		{FC99D947-389E-441B-B6D4-C17027DABD1B} = {6C13E2A4-D64E-48EA-A8C4-63B06A6294DF}
		{B7FAB921-BF8D-4AB1-805F-D7658D8E4071} = {F9E6C6FB-6003-4182-A355-7E21AD4E4497}
		{0F5C6465-0B53-4B87-A7B7-6164BEFDFD25} = {6B35803F-B62A-444B-B016-4CEABA2C9B03}
		{0A82E178-1B03-4543-BBF7-17CD89E919BA} = {8661B216-1F0D-4E75-BB8E-C1394F2205E5}
		{24DFB7A9-0B04-47DF-9B86-CD7842E74F01} = {0B5304D3-5FD0-43EA-8142-D780CD1FCD27}
		{BCBE0160-AFBD-479A-BAFE-4C73825179C8} = {DA81B153-C68D-4268-B115-CFB18D05571D}
		{00629F1B-052B-4D5F-98D9-3624199C64A6} = {BCBE0160-AFBD-479A-BAFE-4C73825179C8}
		{9F895A4B-4098-49DB-8681-E067F1B70AC8} = {00FE3E75-B215-48D8-A3D0-643CC287F966}
	EndGlobalSection
	GlobalSection(ExtensibilityGlobals) = postSolution
		SolutionGuid = {6B88145F-F628-4092-B9F3-7922E5E92B83}
	EndGlobalSection
EndGlobal
