
Microsoft Visual Studio Solution File, Format Version 12.00
# Visual Studio Version 17
VisualStudioVersion = 17.8.34330.188
MinimumVisualStudioVersion = 10.0.40219.1
Project("{9A19103F-16F7-4668-BE54-9A1E7A4F7556}") = "FreeCourse.Catalog", "Services\Catalog\FreeCourse.Catalog.csproj", "{972767B4-262E-4404-8F19-9F59C9FD50A9}"
EndProject
Project("{9A19103F-16F7-4668-BE54-9A1E7A4F7556}") = "FreeCourse.Shared", "Shared\FreeCourse.Shared.csproj", "{1BB850DE-7056-4428-97CF-CA4AD5BC2BB0}"
EndProject
Project("{2150E333-8FDC-42A3-9474-1A3956D46DE8}") = "IdentityServer", "IdentityServer", "{02311288-7D7B-403A-8E4A-E3D20F450A80}"
EndProject
Project("{FAE04EC0-301F-11D3-BF4B-00C04F79EFBC}") = "FreeCourse.IdentityServer", "IdentityServer\FreeCourse.IdentityServer\FreeCourse.IdentityServer.csproj", "{0D2702D8-BDA9-4C74-B3E2-296E79F7EEA0}"
EndProject
Project("{FAE04EC0-301F-11D3-BF4B-00C04F79EFBC}") = "FreeCourse.PhotoStock", "FreeCourse.PhotoStock\FreeCourse.PhotoStock.csproj", "{C4E06E09-0AFB-4B9A-B79A-6D3E141A1095}"
EndProject
Project("{FAE04EC0-301F-11D3-BF4B-00C04F79EFBC}") = "FreeCourse.Basket", "FreeCourse.Basket\FreeCourse.Basket.csproj", "{0531CEF5-176A-479A-9580-2BC6870CE3A9}"
EndProject
Global
	GlobalSection(SolutionConfigurationPlatforms) = preSolution
		Debug|Any CPU = Debug|Any CPU
		Release|Any CPU = Release|Any CPU
	EndGlobalSection
	GlobalSection(ProjectConfigurationPlatforms) = postSolution
		{972767B4-262E-4404-8F19-9F59C9FD50A9}.Debug|Any CPU.ActiveCfg = Debug|Any CPU
		{972767B4-262E-4404-8F19-9F59C9FD50A9}.Debug|Any CPU.Build.0 = Debug|Any CPU
		{972767B4-262E-4404-8F19-9F59C9FD50A9}.Release|Any CPU.ActiveCfg = Release|Any CPU
		{972767B4-262E-4404-8F19-9F59C9FD50A9}.Release|Any CPU.Build.0 = Release|Any CPU
		{1BB850DE-7056-4428-97CF-CA4AD5BC2BB0}.Debug|Any CPU.ActiveCfg = Debug|Any CPU
		{1BB850DE-7056-4428-97CF-CA4AD5BC2BB0}.Debug|Any CPU.Build.0 = Debug|Any CPU
		{1BB850DE-7056-4428-97CF-CA4AD5BC2BB0}.Release|Any CPU.ActiveCfg = Release|Any CPU
		{1BB850DE-7056-4428-97CF-CA4AD5BC2BB0}.Release|Any CPU.Build.0 = Release|Any CPU
		{0D2702D8-BDA9-4C74-B3E2-296E79F7EEA0}.Debug|Any CPU.ActiveCfg = Debug|Any CPU
		{0D2702D8-BDA9-4C74-B3E2-296E79F7EEA0}.Debug|Any CPU.Build.0 = Debug|Any CPU
		{0D2702D8-BDA9-4C74-B3E2-296E79F7EEA0}.Release|Any CPU.ActiveCfg = Release|Any CPU
		{0D2702D8-BDA9-4C74-B3E2-296E79F7EEA0}.Release|Any CPU.Build.0 = Release|Any CPU
		{C4E06E09-0AFB-4B9A-B79A-6D3E141A1095}.Debug|Any CPU.ActiveCfg = Debug|Any CPU
		{C4E06E09-0AFB-4B9A-B79A-6D3E141A1095}.Debug|Any CPU.Build.0 = Debug|Any CPU
		{C4E06E09-0AFB-4B9A-B79A-6D3E141A1095}.Release|Any CPU.ActiveCfg = Release|Any CPU
		{C4E06E09-0AFB-4B9A-B79A-6D3E141A1095}.Release|Any CPU.Build.0 = Release|Any CPU
		{0531CEF5-176A-479A-9580-2BC6870CE3A9}.Debug|Any CPU.ActiveCfg = Debug|Any CPU
		{0531CEF5-176A-479A-9580-2BC6870CE3A9}.Debug|Any CPU.Build.0 = Debug|Any CPU
		{0531CEF5-176A-479A-9580-2BC6870CE3A9}.Release|Any CPU.ActiveCfg = Release|Any CPU
		{0531CEF5-176A-479A-9580-2BC6870CE3A9}.Release|Any CPU.Build.0 = Release|Any CPU
	EndGlobalSection
	GlobalSection(SolutionProperties) = preSolution
		HideSolutionNode = FALSE
	EndGlobalSection
	GlobalSection(NestedProjects) = preSolution
		{0D2702D8-BDA9-4C74-B3E2-296E79F7EEA0} = {02311288-7D7B-403A-8E4A-E3D20F450A80}
	EndGlobalSection
	GlobalSection(ExtensibilityGlobals) = postSolution
		SolutionGuid = {6B88145F-F628-4092-B9F3-7922E5E92B83}
	EndGlobalSection
EndGlobal
